// !$*UTF8*$!
{
	archiveVersion = 1;
	classes = {
	};
	objectVersion = 56;
	objects = {

/* Begin PBXBuildFile section */
		D79641172B5B0057004BDE58 /* testMap.cpp in Sources */ = {isa = PBXBuildFile; fileRef = D79641162B5B0057004BDE58 /* testMap.cpp */; };
		D79641192B5B00F0004BDE58 /* testnewMap.cpp in Sources */ = {isa = PBXBuildFile; fileRef = D79641182B5B00F0004BDE58 /* testnewMap.cpp */; };
		D796411A2B5B018F004BDE58 /* newMap.cpp in Sources */ = {isa = PBXBuildFile; fileRef = D72612492B5A0B8900579D63 /* newMap.cpp */; };
		D796411B2B5B018F004BDE58 /* testGamerMap.cpp in Sources */ = {isa = PBXBuildFile; fileRef = D72612472B5A0AF600579D63 /* testGamerMap.cpp */; };
		D796411C2B5B018F004BDE58 /* GamerMap.cpp in Sources */ = {isa = PBXBuildFile; fileRef = D77C57DD2B5A0243006194C0 /* GamerMap.cpp */; };
		D7DDB1622B59E0A00081F902 /* main.cpp in Sources */ = {isa = PBXBuildFile; fileRef = D7DDB1612B59E0A00081F902 /* main.cpp */; };
		D7DDB16A2B59E10D0081F902 /* Map.cpp in Sources */ = {isa = PBXBuildFile; fileRef = D7DDB1682B59E10D0081F902 /* Map.cpp */; };
/* End PBXBuildFile section */

/* Begin PBXCopyFilesBuildPhase section */
		D79641092B5AFDA2004BDE58 /* CopyFiles */ = {
			isa = PBXCopyFilesBuildPhase;
			buildActionMask = 2147483647;
			dstPath = /usr/share/man/man1/;
			dstSubfolderSpec = 0;
			files = (
			);
			runOnlyForDeploymentPostprocessing = 1;
		};
		D7DDB15C2B59E0A00081F902 /* CopyFiles */ = {
			isa = PBXCopyFilesBuildPhase;
			buildActionMask = 2147483647;
			dstPath = /usr/share/man/man1/;
			dstSubfolderSpec = 0;
			files = (
			);
			runOnlyForDeploymentPostprocessing = 1;
		};
/* End PBXCopyFilesBuildPhase section */

/* Begin PBXFileReference section */
		D72612472B5A0AF600579D63 /* testGamerMap.cpp */ = {isa = PBXFileReference; lastKnownFileType = sourcecode.cpp.cpp; path = testGamerMap.cpp; sourceTree = "<group>"; };
		D72612492B5A0B8900579D63 /* newMap.cpp */ = {isa = PBXFileReference; lastKnownFileType = sourcecode.cpp.cpp; path = newMap.cpp; sourceTree = "<group>"; };
		D726124A2B5A0B8900579D63 /* newMap.h */ = {isa = PBXFileReference; lastKnownFileType = sourcecode.c.h; path = newMap.h; sourceTree = "<group>"; };
		D77C57DD2B5A0243006194C0 /* GamerMap.cpp */ = {isa = PBXFileReference; lastKnownFileType = sourcecode.cpp.cpp; path = GamerMap.cpp; sourceTree = "<group>"; };
		D77C57DE2B5A0243006194C0 /* GamerMap.h */ = {isa = PBXFileReference; lastKnownFileType = sourcecode.c.h; path = GamerMap.h; sourceTree = "<group>"; };
		D796410B2B5AFDA2004BDE58 /* newMapTest */ = {isa = PBXFileReference; explicitFileType = "compiled.mach-o.executable"; includeInIndex = 0; path = newMapTest; sourceTree = BUILT_PRODUCTS_DIR; };
		D79641162B5B0057004BDE58 /* testMap.cpp */ = {isa = PBXFileReference; lastKnownFileType = sourcecode.cpp.cpp; path = testMap.cpp; sourceTree = "<group>"; };
		D79641182B5B00F0004BDE58 /* testnewMap.cpp */ = {isa = PBXFileReference; lastKnownFileType = sourcecode.cpp.cpp; path = testnewMap.cpp; sourceTree = "<group>"; };
		D7DDB15E2B59E0A00081F902 /* homework_1 */ = {isa = PBXFileReference; explicitFileType = "compiled.mach-o.executable"; includeInIndex = 0; path = homework_1; sourceTree = BUILT_PRODUCTS_DIR; };
		D7DDB1612B59E0A00081F902 /* main.cpp */ = {isa = PBXFileReference; lastKnownFileType = sourcecode.cpp.cpp; path = main.cpp; sourceTree = "<group>"; };
		D7DDB1682B59E10D0081F902 /* Map.cpp */ = {isa = PBXFileReference; lastKnownFileType = sourcecode.cpp.cpp; path = Map.cpp; sourceTree = "<group>"; };
		D7DDB1692B59E10D0081F902 /* Map.h */ = {isa = PBXFileReference; lastKnownFileType = sourcecode.c.h; path = Map.h; sourceTree = "<group>"; };
/* End PBXFileReference section */

/* Begin PBXFrameworksBuildPhase section */
		D79641082B5AFDA2004BDE58 /* Frameworks */ = {
			isa = PBXFrameworksBuildPhase;
			buildActionMask = 2147483647;
			files = (
			);
			runOnlyForDeploymentPostprocessing = 0;
		};
		D7DDB15B2B59E0A00081F902 /* Frameworks */ = {
			isa = PBXFrameworksBuildPhase;
			buildActionMask = 2147483647;
			files = (
			);
			runOnlyForDeploymentPostprocessing = 0;
		};
/* End PBXFrameworksBuildPhase section */

/* Begin PBXGroup section */
		D7DDB1552B59E0A00081F902 = {
			isa = PBXGroup;
			children = (
				D7DDB1602B59E0A00081F902 /* mapTest */,
				D7DDB15F2B59E0A00081F902 /* Products */,
			);
			sourceTree = "<group>";
		};
		D7DDB15F2B59E0A00081F902 /* Products */ = {
			isa = PBXGroup;
			children = (
				D7DDB15E2B59E0A00081F902 /* homework_1 */,
				D796410B2B5AFDA2004BDE58 /* newMapTest */,
			);
			name = Products;
			sourceTree = "<group>";
		};
		D7DDB1602B59E0A00081F902 /* mapTest */ = {
			isa = PBXGroup;
			children = (
				D7DDB1612B59E0A00081F902 /* main.cpp */,
				D7DDB1682B59E10D0081F902 /* Map.cpp */,
				D7DDB1692B59E10D0081F902 /* Map.h */,
				D79641162B5B0057004BDE58 /* testMap.cpp */,
				D72612472B5A0AF600579D63 /* testGamerMap.cpp */,
				D77C57DD2B5A0243006194C0 /* GamerMap.cpp */,
				D77C57DE2B5A0243006194C0 /* GamerMap.h */,
				D79641182B5B00F0004BDE58 /* testnewMap.cpp */,
				D72612492B5A0B8900579D63 /* newMap.cpp */,
				D726124A2B5A0B8900579D63 /* newMap.h */,
			);
			path = mapTest;
			sourceTree = "<group>";
		};
/* End PBXGroup section */

/* Begin PBXNativeTarget section */
		D796410A2B5AFDA2004BDE58 /* newMapTest */ = {
			isa = PBXNativeTarget;
			buildConfigurationList = D79641112B5AFDA2004BDE58 /* Build configuration list for PBXNativeTarget "newMapTest" */;
			buildPhases = (
				D79641072B5AFDA2004BDE58 /* Sources */,
				D79641082B5AFDA2004BDE58 /* Frameworks */,
				D79641092B5AFDA2004BDE58 /* CopyFiles */,
			);
			buildRules = (
			);
			dependencies = (
			);
			name = newMapTest;
			productName = newMapTest;
			productReference = D796410B2B5AFDA2004BDE58 /* newMapTest */;
			productType = "com.apple.product-type.tool";
		};
		D7DDB15D2B59E0A00081F902 /* homework_1 */ = {
			isa = PBXNativeTarget;
			buildConfigurationList = D7DDB1652B59E0A00081F902 /* Build configuration list for PBXNativeTarget "homework_1" */;
			buildPhases = (
				D7DDB15A2B59E0A00081F902 /* Sources */,
				D7DDB15B2B59E0A00081F902 /* Frameworks */,
				D7DDB15C2B59E0A00081F902 /* CopyFiles */,
			);
			buildRules = (
			);
			dependencies = (
			);
			name = homework_1;
			productName = homework_1;
			productReference = D7DDB15E2B59E0A00081F902 /* homework_1 */;
			productType = "com.apple.product-type.tool";
		};
/* End PBXNativeTarget section */

/* Begin PBXProject section */
		D7DDB1562B59E0A00081F902 /* Project object */ = {
			isa = PBXProject;
			attributes = {
				BuildIndependentTargetsInParallel = 1;
				LastUpgradeCheck = 1500;
				TargetAttributes = {
					D796410A2B5AFDA2004BDE58 = {
						CreatedOnToolsVersion = 15.0.1;
					};
					D7DDB15D2B59E0A00081F902 = {
						CreatedOnToolsVersion = 15.0.1;
					};
				};
			};
			buildConfigurationList = D7DDB1592B59E0A00081F902 /* Build configuration list for PBXProject "homework_1" */;
			compatibilityVersion = "Xcode 14.0";
			developmentRegion = en;
			hasScannedForEncodings = 0;
			knownRegions = (
				en,
				Base,
			);
			mainGroup = D7DDB1552B59E0A00081F902;
			productRefGroup = D7DDB15F2B59E0A00081F902 /* Products */;
			projectDirPath = "";
			projectRoot = "";
			targets = (
				D7DDB15D2B59E0A00081F902 /* homework_1 */,
				D796410A2B5AFDA2004BDE58 /* newMapTest */,
			);
		};
/* End PBXProject section */

/* Begin PBXSourcesBuildPhase section */
		D79641072B5AFDA2004BDE58 /* Sources */ = {
			isa = PBXSourcesBuildPhase;
			buildActionMask = 2147483647;
			files = (
			);
			runOnlyForDeploymentPostprocessing = 0;
		};
		D7DDB15A2B59E0A00081F902 /* Sources */ = {
			isa = PBXSourcesBuildPhase;
			buildActionMask = 2147483647;
			files = (
				D796411A2B5B018F004BDE58 /* newMap.cpp in Sources */,
				D79641172B5B0057004BDE58 /* testMap.cpp in Sources */,
				D7DDB16A2B59E10D0081F902 /* Map.cpp in Sources */,
				D796411B2B5B018F004BDE58 /* testGamerMap.cpp in Sources */,
				D7DDB1622B59E0A00081F902 /* main.cpp in Sources */,
				D79641192B5B00F0004BDE58 /* testnewMap.cpp in Sources */,
				D796411C2B5B018F004BDE58 /* GamerMap.cpp in Sources */,
			);
			runOnlyForDeploymentPostprocessing = 0;
		};
/* End PBXSourcesBuildPhase section */

/* Begin XCBuildConfiguration section */
		D796410F2B5AFDA2004BDE58 /* Debug */ = {
			isa = XCBuildConfiguration;
			buildSettings = {
				CODE_SIGN_STYLE = Automatic;
				PRODUCT_NAME = "$(TARGET_NAME)";
			};
			name = Debug;
		};
		D79641102B5AFDA2004BDE58 /* Release */ = {
			isa = XCBuildConfiguration;
			buildSettings = {
				CODE_SIGN_STYLE = Automatic;
				PRODUCT_NAME = "$(TARGET_NAME)";
			};
			name = Release;
		};
		D7DDB1632B59E0A00081F902 /* Debug */ = {
			isa = XCBuildConfiguration;
			buildSettings = {
				ALWAYS_SEARCH_USER_PATHS = NO;
				ASSETCATALOG_COMPILER_GENERATE_SWIFT_ASSET_SYMBOL_EXTENSIONS = YES;
				CLANG_ANALYZER_NONNULL = YES;
				CLANG_ANALYZER_NUMBER_OBJECT_CONVERSION = YES_AGGRESSIVE;
				CLANG_CXX_LANGUAGE_STANDARD = "gnu++20";
				CLANG_ENABLE_MODULES = YES;
				CLANG_ENABLE_OBJC_ARC = YES;
				CLANG_ENABLE_OBJC_WEAK = YES;
				CLANG_WARN_BLOCK_CAPTURE_AUTORELEASING = YES;
				CLANG_WARN_BOOL_CONVERSION = YES;
				CLANG_WARN_COMMA = YES;
				CLANG_WARN_CONSTANT_CONVERSION = YES;
				CLANG_WARN_DEPRECATED_OBJC_IMPLEMENTATIONS = YES;
				CLANG_WARN_DIRECT_OBJC_ISA_USAGE = YES_ERROR;
				CLANG_WARN_DOCUMENTATION_COMMENTS = YES;
				CLANG_WARN_EMPTY_BODY = YES;
				CLANG_WARN_ENUM_CONVERSION = YES;
				CLANG_WARN_INFINITE_RECURSION = YES;
				CLANG_WARN_INT_CONVERSION = YES;
				CLANG_WARN_NON_LITERAL_NULL_CONVERSION = YES;
				CLANG_WARN_OBJC_IMPLICIT_RETAIN_SELF = YES;
				CLANG_WARN_OBJC_LITERAL_CONVERSION = YES;
				CLANG_WARN_OBJC_ROOT_CLASS = YES_ERROR;
				CLANG_WARN_QUOTED_INCLUDE_IN_FRAMEWORK_HEADER = YES;
				CLANG_WARN_RANGE_LOOP_ANALYSIS = YES;
				CLANG_WARN_STRICT_PROTOTYPES = YES;
				CLANG_WARN_SUSPICIOUS_MOVE = YES;
				CLANG_WARN_UNGUARDED_AVAILABILITY = YES_AGGRESSIVE;
				CLANG_WARN_UNREACHABLE_CODE = YES;
				CLANG_WARN__DUPLICATE_METHOD_MATCH = YES;
				COPY_PHASE_STRIP = NO;
				DEBUG_INFORMATION_FORMAT = dwarf;
				ENABLE_STRICT_OBJC_MSGSEND = YES;
				ENABLE_TESTABILITY = YES;
				ENABLE_USER_SCRIPT_SANDBOXING = YES;
				GCC_C_LANGUAGE_STANDARD = gnu17;
				GCC_DYNAMIC_NO_PIC = NO;
				GCC_NO_COMMON_BLOCKS = YES;
				GCC_OPTIMIZATION_LEVEL = 0;
				GCC_PREPROCESSOR_DEFINITIONS = (
					"DEBUG=1",
					"$(inherited)",
				);
				GCC_WARN_64_TO_32_BIT_CONVERSION = YES;
				GCC_WARN_ABOUT_RETURN_TYPE = YES_ERROR;
				GCC_WARN_UNDECLARED_SELECTOR = YES;
				GCC_WARN_UNINITIALIZED_AUTOS = YES_AGGRESSIVE;
				GCC_WARN_UNUSED_FUNCTION = YES;
				GCC_WARN_UNUSED_VARIABLE = YES;
				LOCALIZATION_PREFERS_STRING_CATALOGS = YES;
				MACOSX_DEPLOYMENT_TARGET = 14.0;
				MTL_ENABLE_DEBUG_INFO = INCLUDE_SOURCE;
				MTL_FAST_MATH = YES;
				ONLY_ACTIVE_ARCH = YES;
				SDKROOT = macosx;
			};
			name = Debug;
		};
		D7DDB1642B59E0A00081F902 /* Release */ = {
			isa = XCBuildConfiguration;
			buildSettings = {
				ALWAYS_SEARCH_USER_PATHS = NO;
				ASSETCATALOG_COMPILER_GENERATE_SWIFT_ASSET_SYMBOL_EXTENSIONS = YES;
				CLANG_ANALYZER_NONNULL = YES;
				CLANG_ANALYZER_NUMBER_OBJECT_CONVERSION = YES_AGGRESSIVE;
				CLANG_CXX_LANGUAGE_STANDARD = "gnu++20";
				CLANG_ENABLE_MODULES = YES;
				CLANG_ENABLE_OBJC_ARC = YES;
				CLANG_ENABLE_OBJC_WEAK = YES;
				CLANG_WARN_BLOCK_CAPTURE_AUTORELEASING = YES;
				CLANG_WARN_BOOL_CONVERSION = YES;
				CLANG_WARN_COMMA = YES;
				CLANG_WARN_CONSTANT_CONVERSION = YES;
				CLANG_WARN_DEPRECATED_OBJC_IMPLEMENTATIONS = YES;
				CLANG_WARN_DIRECT_OBJC_ISA_USAGE = YES_ERROR;
				CLANG_WARN_DOCUMENTATION_COMMENTS = YES;
				CLANG_WARN_EMPTY_BODY = YES;
				CLANG_WARN_ENUM_CONVERSION = YES;
				CLANG_WARN_INFINITE_RECURSION = YES;
				CLANG_WARN_INT_CONVERSION = YES;
				CLANG_WARN_NON_LITERAL_NULL_CONVERSION = YES;
				CLANG_WARN_OBJC_IMPLICIT_RETAIN_SELF = YES;
				CLANG_WARN_OBJC_LITERAL_CONVERSION = YES;
				CLANG_WARN_OBJC_ROOT_CLASS = YES_ERROR;
				CLANG_WARN_QUOTED_INCLUDE_IN_FRAMEWORK_HEADER = YES;
				CLANG_WARN_RANGE_LOOP_ANALYSIS = YES;
				CLANG_WARN_STRICT_PROTOTYPES = YES;
				CLANG_WARN_SUSPICIOUS_MOVE = YES;
				CLANG_WARN_UNGUARDED_AVAILABILITY = YES_AGGRESSIVE;
				CLANG_WARN_UNREACHABLE_CODE = YES;
				CLANG_WARN__DUPLICATE_METHOD_MATCH = YES;
				COPY_PHASE_STRIP = NO;
				DEBUG_INFORMATION_FORMAT = "dwarf-with-dsym";
				ENABLE_NS_ASSERTIONS = NO;
				ENABLE_STRICT_OBJC_MSGSEND = YES;
				ENABLE_USER_SCRIPT_SANDBOXING = YES;
				GCC_C_LANGUAGE_STANDARD = gnu17;
				GCC_NO_COMMON_BLOCKS = YES;
				GCC_WARN_64_TO_32_BIT_CONVERSION = YES;
				GCC_WARN_ABOUT_RETURN_TYPE = YES_ERROR;
				GCC_WARN_UNDECLARED_SELECTOR = YES;
				GCC_WARN_UNINITIALIZED_AUTOS = YES_AGGRESSIVE;
				GCC_WARN_UNUSED_FUNCTION = YES;
				GCC_WARN_UNUSED_VARIABLE = YES;
				LOCALIZATION_PREFERS_STRING_CATALOGS = YES;
				MACOSX_DEPLOYMENT_TARGET = 14.0;
				MTL_ENABLE_DEBUG_INFO = NO;
				MTL_FAST_MATH = YES;
				SDKROOT = macosx;
			};
			name = Release;
		};
		D7DDB1662B59E0A00081F902 /* Debug */ = {
			isa = XCBuildConfiguration;
			buildSettings = {
				CODE_SIGN_STYLE = Automatic;
				PRODUCT_NAME = "$(TARGET_NAME)";
			};
			name = Debug;
		};
		D7DDB1672B59E0A00081F902 /* Release */ = {
			isa = XCBuildConfiguration;
			buildSettings = {
				CODE_SIGN_STYLE = Automatic;
				PRODUCT_NAME = "$(TARGET_NAME)";
			};
			name = Release;
		};
/* End XCBuildConfiguration section */

/* Begin XCConfigurationList section */
		D79641112B5AFDA2004BDE58 /* Build configuration list for PBXNativeTarget "newMapTest" */ = {
			isa = XCConfigurationList;
			buildConfigurations = (
				D796410F2B5AFDA2004BDE58 /* Debug */,
				D79641102B5AFDA2004BDE58 /* Release */,
			);
			defaultConfigurationIsVisible = 0;
			defaultConfigurationName = Release;
		};
		D7DDB1592B59E0A00081F902 /* Build configuration list for PBXProject "homework_1" */ = {
			isa = XCConfigurationList;
			buildConfigurations = (
				D7DDB1632B59E0A00081F902 /* Debug */,
				D7DDB1642B59E0A00081F902 /* Release */,
			);
			defaultConfigurationIsVisible = 0;
			defaultConfigurationName = Release;
		};
		D7DDB1652B59E0A00081F902 /* Build configuration list for PBXNativeTarget "homework_1" */ = {
			isa = XCConfigurationList;
			buildConfigurations = (
				D7DDB1662B59E0A00081F902 /* Debug */,
				D7DDB1672B59E0A00081F902 /* Release */,
			);
			defaultConfigurationIsVisible = 0;
			defaultConfigurationName = Release;
		};
/* End XCConfigurationList section */
	};
	rootObject = D7DDB1562B59E0A00081F902 /* Project object */;
}
